
Microsoft Visual Studio Solution File, Format Version 12.00
# Visual Studio Version 16
VisualStudioVersion = 16.0.31321.278
MinimumVisualStudioVersion = 10.0.40219.1
Project("{FAE04EC0-301F-11D3-BF4B-00C04F79EFBC}") = "Exercicio1", "Exercicio1\Exercicio1.csproj", "{11D84C23-120B-4F2F-B525-2D4277C2ECB8}"
EndProject
Project("{FAE04EC0-301F-11D3-BF4B-00C04F79EFBC}") = "Exercicio2", "Exercicio2\Exercicio2.csproj", "{7F3B0246-B289-464F-B598-7CE34CF968F2}"
EndProject
Global
	GlobalSection(SolutionConfigurationPlatforms) = preSolution
		Debug|Any CPU = Debug|Any CPU
		Release|Any CPU = Release|Any CPU
	EndGlobalSection
	GlobalSection(ProjectConfigurationPlatforms) = postSolution
		{11D84C23-120B-4F2F-B525-2D4277C2ECB8}.Debug|Any CPU.ActiveCfg = Debug|Any CPU
		{11D84C23-120B-4F2F-B525-2D4277C2ECB8}.Debug|Any CPU.Build.0 = Debug|Any CPU
		{11D84C23-120B-4F2F-B525-2D4277C2ECB8}.Release|Any CPU.ActiveCfg = Release|Any CPU
		{11D84C23-120B-4F2F-B525-2D4277C2ECB8}.Release|Any CPU.Build.0 = Release|Any CPU
		{7F3B0246-B289-464F-B598-7CE34CF968F2}.Debug|Any CPU.ActiveCfg = Debug|Any CPU
		{7F3B0246-B289-464F-B598-7CE34CF968F2}.Debug|Any CPU.Build.0 = Debug|Any CPU
		{7F3B0246-B289-464F-B598-7CE34CF968F2}.Release|Any CPU.ActiveCfg = Release|Any CPU
		{7F3B0246-B289-464F-B598-7CE34CF968F2}.Release|Any CPU.Build.0 = Release|Any CPU
	EndGlobalSection
	GlobalSection(SolutionProperties) = preSolution
		HideSolutionNode = FALSE
	EndGlobalSection
	GlobalSection(ExtensibilityGlobals) = postSolution
		SolutionGuid = {7DF7DC0B-2AE8-4833-8C41-7BA4155E7ED3}
	EndGlobalSection
EndGlobal
